
Microsoft Visual Studio Solution File, Format Version 12.00
# Visual Studio Version 16
VisualStudioVersion = 16.0.31321.278
MinimumVisualStudioVersion = 10.0.40219.1
Project("{FAE04EC0-301F-11D3-BF4B-00C04F79EFBC}") = "Snake", "Snake\Snake.csproj", "{8193F835-0FFD-46B1-A2A0-BA7B2CCC48EC}"
EndProject
Global
	GlobalSection(SolutionConfigurationPlatforms) = preSolution
		Debug|Any CPU = Debug|Any CPU
		Release|Any CPU = Release|Any CPU
	EndGlobalSection
	GlobalSection(ProjectConfigurationPlatforms) = postSolution
		{8193F835-0FFD-46B1-A2A0-BA7B2CCC48EC}.Debug|Any CPU.ActiveCfg = Debug|Any CPU
		{8193F835-0FFD-46B1-A2A0-BA7B2CCC48EC}.Debug|Any CPU.Build.0 = Debug|Any CPU
		{8193F835-0FFD-46B1-A2A0-BA7B2CCC48EC}.Release|Any CPU.ActiveCfg = Release|Any CPU
		{8193F835-0FFD-46B1-A2A0-BA7B2CCC48EC}.Release|Any CPU.Build.0 = Release|Any CPU
	EndGlobalSection
	GlobalSection(SolutionProperties) = preSolution
		HideSolutionNode = FALSE
	EndGlobalSection
	GlobalSection(ExtensibilityGlobals) = postSolution
		SolutionGuid = {CF9F9395-F958-4B6D-BD5B-53DCD9491D46}
	EndGlobalSection
EndGlobal
